{
  "lockfile_version": "1",
  "packages": {
    "github:NixOS/nixpkgs/nixpkgs-unstable": {
      "last_modified": "2026-07-20T05:30:19Z",
      "resolved": "github:NixOS/nixpkgs/a16c3fde2ffeab7f6326f50f460aaffde7ae066d?lastModified=1784525419&narHash=sha256-yocJ4I4Kd4as0UPMFs9P7laPvvA2x%2FBj8EW46iW3VVM%3D"
    },
    "helm-ls@latest": {
      "last_modified": "2026-07-08T21:13:06Z",
      "resolved": "github:NixOS/nixpkgs/389ed85304b281ca7f306cf8a1eb4378651ca44e#helm-ls",
      "source": "devbox-search",
      "version": "0.5.4",
      "systems": {
        "aarch64-darwin": {
          "outputs": [
            {
              "name": "out",
              "path": "/nix/store/0xfsm88l7phlm5mxrlhcz3z79k026aja-helm-ls-0.5.4",
              "default": true
            }
          ],
          "store_path": "/nix/store/0xfsm88l7phlm5mxrlhcz3z79k026aja-helm-ls-0.5.4"
        },
        "aarch64-linux": {
          "outputs": [
            {
              "name": "out",
              "path": "/nix/store/4w1b93x5k8fl9hjmpf7kl7rd9m3gj253-helm-ls-0.5.4",
              "default": true
            }
          ],
          "store_path": "/nix/store/4w1b93x5k8fl9hjmpf7kl7rd9m3gj253-helm-ls-0.5.4"
        },
        "x86_64-darwin": {
          "outputs": [
            {
              "name": "out",
              "path": "/nix/store/dnf5xzb96hqq1hcjl188r9kyhgffvvwg-helm-ls-0.5.4",
              "default": true
            }
          ],
          "store_path": "/nix/store/dnf5xzb96hqq1hcjl188r9kyhgffvvwg-helm-ls-0.5.4"
        },
        "x86_64-linux": {
          "outputs": [
            {
              "name": "out",
              "path": "/nix/store/n0d0mjqxhfalvwvnjjgl6qmv1mhdyys6-helm-ls-0.5.4",
              "default": true
            }
          ],
          "store_path": "/nix/store/n0d0mjqxhfalvwvnjjgl6qmv1mhdyys6-helm-ls-0.5.4"
        }
      }
    },
    "helm@latest": {
      "last_modified": "2026-07-08T21:13:06Z",
      "resolved": "github:NixOS/nixpkgs/389ed85304b281ca7f306cf8a1eb4378651ca44e#helm",
      "source": "devbox-search",
      "version": "0.9.0",
      "systems": {
        "aarch64-linux": {
          "outputs": [
            {
              "name": "out",
              "path": "/nix/store/4ixi3zzvr3jazm5jrada0bxhxhfvn3g8-helm-0.9.0",
              "default": true
            }
          ],
          "store_path": "/nix/store/4ixi3zzvr3jazm5jrada0bxhxhfvn3g8-helm-0.9.0"
        },
        "x86_64-linux": {
          "outputs": [
            {
              "name": "out",
              "path": "/nix/store/cf75dwybwb5dr33qq094mlajl5hp5a63-helm-0.9.0",
              "default": true
            }
          ],
          "store_path": "/nix/store/cf75dwybwb5dr33qq094mlajl5hp5a63-helm-0.9.0"
        }
      }
    }
  }
}
